// !$*UTF8*$!
{
	archiveVersion = 1;
	classes = {
	};
	objectVersion = 51;
	objects = {

/* Begin PBXBuildFile section */
		1165DE9B8A0036A81053F090 /* Pods_LearningApp.framework in Frameworks */ = {isa = PBXBuildFile; fileRef = 6C0F31CF46F7768CA58B8030 /* Pods_LearningApp.framework */; };
		3848D7362676297500CB407D /* CodeTextView.swift in Sources */ = {isa = PBXBuildFile; fileRef = 3848D7352676297500CB407D /* CodeTextView.swift */; };
		3848D7782676448800CB407D /* RectangleCard.swift in Sources */ = {isa = PBXBuildFile; fileRef = 3848D7772676448800CB407D /* RectangleCard.swift */; };
		3866BDF22673283C001BF4DD /* LearningApp.swift in Sources */ = {isa = PBXBuildFile; fileRef = 3866BDF12673283C001BF4DD /* LearningApp.swift */; };
		3866BDF42673283C001BF4DD /* HomeView.swift in Sources */ = {isa = PBXBuildFile; fileRef = 3866BDF32673283C001BF4DD /* HomeView.swift */; };
		3866BDF62673283D001BF4DD /* Assets.xcassets in Resources */ = {isa = PBXBuildFile; fileRef = 3866BDF52673283D001BF4DD /* Assets.xcassets */; };
		3866BDF92673283D001BF4DD /* Preview Assets.xcassets in Resources */ = {isa = PBXBuildFile; fileRef = 3866BDF82673283D001BF4DD /* Preview Assets.xcassets */; };
		3866BE0A26732935001BF4DD /* ContentModel.swift in Sources */ = {isa = PBXBuildFile; fileRef = 3866BE0926732935001BF4DD /* ContentModel.swift */; };
		3866BE0E26733EC9001BF4DD /* data.json in Resources */ = {isa = PBXBuildFile; fileRef = 3866BE0C26733EC9001BF4DD /* data.json */; };
		3866BE0F26733EC9001BF4DD /* style.html in Resources */ = {isa = PBXBuildFile; fileRef = 3866BE0D26733EC9001BF4DD /* style.html */; };
		3866BE1226734064001BF4DD /* Models.swift in Sources */ = {isa = PBXBuildFile; fileRef = 3866BE1126734064001BF4DD /* Models.swift */; };
		3866BE16267372DD001BF4DD /* HomeViewRow.swift in Sources */ = {isa = PBXBuildFile; fileRef = 3866BE15267372DD001BF4DD /* HomeViewRow.swift */; };
		3866BE1926737A6A001BF4DD /* ContentView.swift in Sources */ = {isa = PBXBuildFile; fileRef = 3866BE1826737A6A001BF4DD /* ContentView.swift */; };
		3866BE1C26737EED001BF4DD /* ContentViewRow.swift in Sources */ = {isa = PBXBuildFile; fileRef = 3866BE1B26737EED001BF4DD /* ContentViewRow.swift */; };
		3871E09826862E28003A6B0E /* LoginView.swift in Sources */ = {isa = PBXBuildFile; fileRef = 3871E09726862E28003A6B0E /* LoginView.swift */; };
		3871E09B26862E53003A6B0E /* ProfileView.swift in Sources */ = {isa = PBXBuildFile; fileRef = 3871E09A26862E53003A6B0E /* ProfileView.swift */; };
		3871E09D26862E5D003A6B0E /* LaunchView.swift in Sources */ = {isa = PBXBuildFile; fileRef = 3871E09C26862E5D003A6B0E /* LaunchView.swift */; };
		3876BDDB2683127100B79A70 /* GoogleService-Info.plist in Resources */ = {isa = PBXBuildFile; fileRef = 3876BDDA2683127100B79A70 /* GoogleService-Info.plist */; };
		387DFC7F26889BEE008184F4 /* ResumeView.swift in Sources */ = {isa = PBXBuildFile; fileRef = 387DFC7E26889BEE008184F4 /* ResumeView.swift */; };
		388797862686DE9E0060FEF4 /* UserService.swift in Sources */ = {isa = PBXBuildFile; fileRef = 388797852686DE9E0060FEF4 /* UserService.swift */; };
		3888AE83267705CF00888390 /* TestView.swift in Sources */ = {isa = PBXBuildFile; fileRef = 3888AE82267705CF00888390 /* TestView.swift */; };
		38934FB6267519070060A364 /* ContentDetailView.swift in Sources */ = {isa = PBXBuildFile; fileRef = 38934FB5267519070060A364 /* ContentDetailView.swift */; };
		38934FBA26751B000060A364 /* AVKit.framework in Frameworks */ = {isa = PBXBuildFile; fileRef = 38934FB926751B000060A364 /* AVKit.framework */; };
		38934FBC26751BD80060A364 /* Constants.swift in Sources */ = {isa = PBXBuildFile; fileRef = 38934FBB26751BD80060A364 /* Constants.swift */; };
		38FB2A512677278000FF6C46 /* TestResultView.swift in Sources */ = {isa = PBXBuildFile; fileRef = 38FB2A502677278000FF6C46 /* TestResultView.swift */; };
/* End PBXBuildFile section */

/* Begin PBXFileReference section */
		3848D7352676297500CB407D /* CodeTextView.swift */ = {isa = PBXFileReference; lastKnownFileType = sourcecode.swift; path = CodeTextView.swift; sourceTree = "<group>"; };
		3848D7772676448800CB407D /* RectangleCard.swift */ = {isa = PBXFileReference; lastKnownFileType = sourcecode.swift; path = RectangleCard.swift; sourceTree = "<group>"; };
		3866BDEE2673283C001BF4DD /* LearningApp.app */ = {isa = PBXFileReference; explicitFileType = wrapper.application; includeInIndex = 0; path = LearningApp.app; sourceTree = BUILT_PRODUCTS_DIR; };
		3866BDF12673283C001BF4DD /* LearningApp.swift */ = {isa = PBXFileReference; lastKnownFileType = sourcecode.swift; path = LearningApp.swift; sourceTree = "<group>"; };
		3866BDF32673283C001BF4DD /* HomeView.swift */ = {isa = PBXFileReference; lastKnownFileType = sourcecode.swift; path = HomeView.swift; sourceTree = "<group>"; };
		3866BDF52673283D001BF4DD /* Assets.xcassets */ = {isa = PBXFileReference; lastKnownFileType = folder.assetcatalog; path = Assets.xcassets; sourceTree = "<group>"; };
		3866BDF82673283D001BF4DD /* Preview Assets.xcassets */ = {isa = PBXFileReference; lastKnownFileType = folder.assetcatalog; path = "Preview Assets.xcassets"; sourceTree = "<group>"; };
		3866BDFA2673283D001BF4DD /* Info.plist */ = {isa = PBXFileReference; lastKnownFileType = text.plist.xml; path = Info.plist; sourceTree = "<group>"; };
		3866BE0926732935001BF4DD /* ContentModel.swift */ = {isa = PBXFileReference; lastKnownFileType = sourcecode.swift; path = ContentModel.swift; sourceTree = "<group>"; };
		3866BE0C26733EC9001BF4DD /* data.json */ = {isa = PBXFileReference; fileEncoding = 4; lastKnownFileType = text.json; path = data.json; sourceTree = "<group>"; };
		3866BE0D26733EC9001BF4DD /* style.html */ = {isa = PBXFileReference; fileEncoding = 4; lastKnownFileType = text.html; path = style.html; sourceTree = "<group>"; };
		3866BE1126734064001BF4DD /* Models.swift */ = {isa = PBXFileReference; lastKnownFileType = sourcecode.swift; path = Models.swift; sourceTree = "<group>"; };
		3866BE15267372DD001BF4DD /* HomeViewRow.swift */ = {isa = PBXFileReference; lastKnownFileType = sourcecode.swift; path = HomeViewRow.swift; sourceTree = "<group>"; };
		3866BE1826737A6A001BF4DD /* ContentView.swift */ = {isa = PBXFileReference; lastKnownFileType = sourcecode.swift; path = ContentView.swift; sourceTree = "<group>"; };
		3866BE1B26737EED001BF4DD /* ContentViewRow.swift */ = {isa = PBXFileReference; lastKnownFileType = sourcecode.swift; path = ContentViewRow.swift; sourceTree = "<group>"; };
		3871E09726862E28003A6B0E /* LoginView.swift */ = {isa = PBXFileReference; lastKnownFileType = sourcecode.swift; path = LoginView.swift; sourceTree = "<group>"; };
		3871E09A26862E53003A6B0E /* ProfileView.swift */ = {isa = PBXFileReference; lastKnownFileType = sourcecode.swift; path = ProfileView.swift; sourceTree = "<group>"; };
		3871E09C26862E5D003A6B0E /* LaunchView.swift */ = {isa = PBXFileReference; lastKnownFileType = sourcecode.swift; path = LaunchView.swift; sourceTree = "<group>"; };
		3876BDDA2683127100B79A70 /* GoogleService-Info.plist */ = {isa = PBXFileReference; fileEncoding = 4; lastKnownFileType = text.plist.xml; path = "GoogleService-Info.plist"; sourceTree = "<group>"; };
		387DFC7E26889BEE008184F4 /* ResumeView.swift */ = {isa = PBXFileReference; lastKnownFileType = sourcecode.swift; path = ResumeView.swift; sourceTree = "<group>"; };
		388797852686DE9E0060FEF4 /* UserService.swift */ = {isa = PBXFileReference; lastKnownFileType = sourcecode.swift; path = UserService.swift; sourceTree = "<group>"; };
		3888AE82267705CF00888390 /* TestView.swift */ = {isa = PBXFileReference; lastKnownFileType = sourcecode.swift; path = TestView.swift; sourceTree = "<group>"; };
		38934FB5267519070060A364 /* ContentDetailView.swift */ = {isa = PBXFileReference; lastKnownFileType = sourcecode.swift; path = ContentDetailView.swift; sourceTree = "<group>"; };
		38934FB926751B000060A364 /* AVKit.framework */ = {isa = PBXFileReference; lastKnownFileType = wrapper.framework; name = AVKit.framework; path = System/Library/Frameworks/AVKit.framework; sourceTree = SDKROOT; };
		38934FBB26751BD80060A364 /* Constants.swift */ = {isa = PBXFileReference; lastKnownFileType = sourcecode.swift; path = Constants.swift; sourceTree = "<group>"; };
		38FB2A502677278000FF6C46 /* TestResultView.swift */ = {isa = PBXFileReference; lastKnownFileType = sourcecode.swift; path = TestResultView.swift; sourceTree = "<group>"; };
		6C0F31CF46F7768CA58B8030 /* Pods_LearningApp.framework */ = {isa = PBXFileReference; explicitFileType = wrapper.framework; includeInIndex = 0; path = Pods_LearningApp.framework; sourceTree = BUILT_PRODUCTS_DIR; };
		C05A1BF6C7DF85CB51CF050F /* Pods-LearningApp.debug.xcconfig */ = {isa = PBXFileReference; includeInIndex = 1; lastKnownFileType = text.xcconfig; name = "Pods-LearningApp.debug.xcconfig"; path = "Target Support Files/Pods-LearningApp/Pods-LearningApp.debug.xcconfig"; sourceTree = "<group>"; };
		C985A1051B8194F2B49CDB05 /* Pods-LearningApp.release.xcconfig */ = {isa = PBXFileReference; includeInIndex = 1; lastKnownFileType = text.xcconfig; name = "Pods-LearningApp.release.xcconfig"; path = "Target Support Files/Pods-LearningApp/Pods-LearningApp.release.xcconfig"; sourceTree = "<group>"; };
/* End PBXFileReference section */

/* Begin PBXFrameworksBuildPhase section */
		3866BDEB2673283C001BF4DD /* Frameworks */ = {
			isa = PBXFrameworksBuildPhase;
			buildActionMask = 2147483647;
			files = (
				38934FBA26751B000060A364 /* AVKit.framework in Frameworks */,
				1165DE9B8A0036A81053F090 /* Pods_LearningApp.framework in Frameworks */,
			);
			runOnlyForDeploymentPostprocessing = 0;
		};
/* End PBXFrameworksBuildPhase section */

/* Begin PBXGroup section */
		3866BDE52673283C001BF4DD = {
			isa = PBXGroup;
			children = (
				3866BDF02673283C001BF4DD /* LearningApp */,
				3866BDEF2673283C001BF4DD /* Products */,
				38934FB826751B000060A364 /* Frameworks */,
				EB9DD6A3A2B017E062140782 /* Pods */,
			);
			sourceTree = "<group>";
		};
		3866BDEF2673283C001BF4DD /* Products */ = {
			isa = PBXGroup;
			children = (
				3866BDEE2673283C001BF4DD /* LearningApp.app */,
			);
			name = Products;
			sourceTree = "<group>";
		};
		3866BDF02673283C001BF4DD /* LearningApp */ = {
			isa = PBXGroup;
			children = (
				3866BDF12673283C001BF4DD /* LearningApp.swift */,
				3866BE03267328E2001BF4DD /* Views */,
				3866BE04267328E8001BF4DD /* ViewModels */,
				3866BE05267328EC001BF4DD /* Models */,
				3866BE06267328F1001BF4DD /* Resources */,
				3866BE07267328F9001BF4DD /* Helpers */,
				3866BDF52673283D001BF4DD /* Assets.xcassets */,
				3876BDDA2683127100B79A70 /* GoogleService-Info.plist */,
				3866BDFA2673283D001BF4DD /* Info.plist */,
				3866BDF72673283D001BF4DD /* Preview Content */,
			);
			path = LearningApp;
			sourceTree = "<group>";
		};
		3866BDF72673283D001BF4DD /* Preview Content */ = {
			isa = PBXGroup;
			children = (
				3866BDF82673283D001BF4DD /* Preview Assets.xcassets */,
			);
			path = "Preview Content";
			sourceTree = "<group>";
		};
		3866BE03267328E2001BF4DD /* Views */ = {
			isa = PBXGroup;
			children = (
				3871E09C26862E5D003A6B0E /* LaunchView.swift */,
				3871E09626862DFF003A6B0E /* Common */,
				3871E09526862DFA003A6B0E /* Test */,
				3871E09426862DF5003A6B0E /* Lesson */,
				3871E09326862DF1003A6B0E /* Home */,
				3871E09226862DEA003A6B0E /* Account */,
			);
			path = Views;
			sourceTree = "<group>";
		};
		3866BE04267328E8001BF4DD /* ViewModels */ = {
			isa = PBXGroup;
			children = (
				3866BE0926732935001BF4DD /* ContentModel.swift */,
			);
			path = ViewModels;
			sourceTree = "<group>";
		};
		3866BE05267328EC001BF4DD /* Models */ = {
			isa = PBXGroup;
			children = (
				3866BE1126734064001BF4DD /* Models.swift */,
			);
			path = Models;
			sourceTree = "<group>";
		};
		3866BE06267328F1001BF4DD /* Resources */ = {
			isa = PBXGroup;
			children = (
				3866BE0C26733EC9001BF4DD /* data.json */,
				3866BE0D26733EC9001BF4DD /* style.html */,
			);
			path = Resources;
			sourceTree = "<group>";
		};
		3866BE07267328F9001BF4DD /* Helpers */ = {
			isa = PBXGroup;
			children = (
				38934FBB26751BD80060A364 /* Constants.swift */,
				388797852686DE9E0060FEF4 /* UserService.swift */,
			);
			path = Helpers;
			sourceTree = "<group>";
		};
		3871E09226862DEA003A6B0E /* Account */ = {
			isa = PBXGroup;
			children = (
				3871E09726862E28003A6B0E /* LoginView.swift */,
				3871E09A26862E53003A6B0E /* ProfileView.swift */,
			);
			path = Account;
			sourceTree = "<group>";
		};
		3871E09326862DF1003A6B0E /* Home */ = {
			isa = PBXGroup;
			children = (
				3866BDF32673283C001BF4DD /* HomeView.swift */,
				3866BE15267372DD001BF4DD /* HomeViewRow.swift */,
				387DFC7E26889BEE008184F4 /* ResumeView.swift */,
			);
			path = Home;
			sourceTree = "<group>";
		};
		3871E09426862DF5003A6B0E /* Lesson */ = {
			isa = PBXGroup;
			children = (
				3866BE1826737A6A001BF4DD /* ContentView.swift */,
				3866BE1B26737EED001BF4DD /* ContentViewRow.swift */,
				38934FB5267519070060A364 /* ContentDetailView.swift */,
			);
			path = Lesson;
			sourceTree = "<group>";
		};
		3871E09526862DFA003A6B0E /* Test */ = {
			isa = PBXGroup;
			children = (
				3888AE82267705CF00888390 /* TestView.swift */,
				38FB2A502677278000FF6C46 /* TestResultView.swift */,
			);
			path = Test;
			sourceTree = "<group>";
		};
		3871E09626862DFF003A6B0E /* Common */ = {
			isa = PBXGroup;
			children = (
				3848D7352676297500CB407D /* CodeTextView.swift */,
				3848D7772676448800CB407D /* RectangleCard.swift */,
			);
			path = Common;
			sourceTree = "<group>";
		};
		38934FB826751B000060A364 /* Frameworks */ = {
			isa = PBXGroup;
			children = (
				38934FB926751B000060A364 /* AVKit.framework */,
				6C0F31CF46F7768CA58B8030 /* Pods_LearningApp.framework */,
			);
			name = Frameworks;
			sourceTree = "<group>";
		};
		EB9DD6A3A2B017E062140782 /* Pods */ = {
			isa = PBXGroup;
			children = (
				C05A1BF6C7DF85CB51CF050F /* Pods-LearningApp.debug.xcconfig */,
				C985A1051B8194F2B49CDB05 /* Pods-LearningApp.release.xcconfig */,
			);
			path = Pods;
			sourceTree = "<group>";
		};
/* End PBXGroup section */

/* Begin PBXNativeTarget section */
		3866BDED2673283C001BF4DD /* LearningApp */ = {
			isa = PBXNativeTarget;
			buildConfigurationList = 3866BDFD2673283D001BF4DD /* Build configuration list for PBXNativeTarget "LearningApp" */;
			buildPhases = (
				44106C64C5FA523623E51935 /* [CP] Check Pods Manifest.lock */,
				3866BDEA2673283C001BF4DD /* Sources */,
				3866BDEB2673283C001BF4DD /* Frameworks */,
				3866BDEC2673283C001BF4DD /* Resources */,
				033A1E57BE4E400CC16D432C /* [CP] Embed Pods Frameworks */,
			);
			buildRules = (
			);
			dependencies = (
			);
			name = LearningApp;
			productName = LearningApp;
			productReference = 3866BDEE2673283C001BF4DD /* LearningApp.app */;
			productType = "com.apple.product-type.application";
		};
/* End PBXNativeTarget section */

/* Begin PBXProject section */
		3866BDE62673283C001BF4DD /* Project object */ = {
			isa = PBXProject;
			attributes = {
				LastSwiftUpdateCheck = 1240;
				LastUpgradeCheck = 1240;
				TargetAttributes = {
					3866BDED2673283C001BF4DD = {
						CreatedOnToolsVersion = 12.4;
					};
				};
			};
			buildConfigurationList = 3866BDE92673283C001BF4DD /* Build configuration list for PBXProject "LearningApp" */;
			compatibilityVersion = "Xcode 9.3";
			developmentRegion = en;
			hasScannedForEncodings = 0;
			knownRegions = (
				en,
				Base,
			);
			mainGroup = 3866BDE52673283C001BF4DD;
			productRefGroup = 3866BDEF2673283C001BF4DD /* Products */;
			projectDirPath = "";
			projectRoot = "";
			targets = (
				3866BDED2673283C001BF4DD /* LearningApp */,
			);
		};
/* End PBXProject section */

/* Begin PBXResourcesBuildPhase section */
		3866BDEC2673283C001BF4DD /* Resources */ = {
			isa = PBXResourcesBuildPhase;
			buildActionMask = 2147483647;
			files = (
				3866BDF92673283D001BF4DD /* Preview Assets.xcassets in Resources */,
				3866BE0E26733EC9001BF4DD /* data.json in Resources */,
				3876BDDB2683127100B79A70 /* GoogleService-Info.plist in Resources */,
				3866BE0F26733EC9001BF4DD /* style.html in Resources */,
				3866BDF62673283D001BF4DD /* Assets.xcassets in Resources */,
			);
			runOnlyForDeploymentPostprocessing = 0;
		};
/* End PBXResourcesBuildPhase section */

/* Begin PBXShellScriptBuildPhase section */
		033A1E57BE4E400CC16D432C /* [CP] Embed Pods Frameworks */ = {
			isa = PBXShellScriptBuildPhase;
			buildActionMask = 2147483647;
			files = (
			);
			inputFileListPaths = (
				"${PODS_ROOT}/Target Support Files/Pods-LearningApp/Pods-LearningApp-frameworks-${CONFIGURATION}-input-files.xcfilelist",
			);
			name = "[CP] Embed Pods Frameworks";
			outputFileListPaths = (
				"${PODS_ROOT}/Target Support Files/Pods-LearningApp/Pods-LearningApp-frameworks-${CONFIGURATION}-output-files.xcfilelist",
			);
			runOnlyForDeploymentPostprocessing = 0;
			shellPath = /bin/sh;
			shellScript = "\"${PODS_ROOT}/Target Support Files/Pods-LearningApp/Pods-LearningApp-frameworks.sh\"\n";
			showEnvVarsInLog = 0;
		};
		44106C64C5FA523623E51935 /* [CP] Check Pods Manifest.lock */ = {
			isa = PBXShellScriptBuildPhase;
			buildActionMask = 2147483647;
			files = (
			);
			inputFileListPaths = (
			);
			inputPaths = (
				"${PODS_PODFILE_DIR_PATH}/Podfile.lock",
				"${PODS_ROOT}/Manifest.lock",
			);
			name = "[CP] Check Pods Manifest.lock";
			outputFileListPaths = (
			);
			outputPaths = (
				"$(DERIVED_FILE_DIR)/Pods-LearningApp-checkManifestLockResult.txt",
			);
			runOnlyForDeploymentPostprocessing = 0;
			shellPath = /bin/sh;
			shellScript = "diff \"${PODS_PODFILE_DIR_PATH}/Podfile.lock\" \"${PODS_ROOT}/Manifest.lock\" > /dev/null\nif [ $? != 0 ] ; then\n    # print error to STDERR\n    echo \"error: The sandbox is not in sync with the Podfile.lock. Run 'pod install' or update your CocoaPods installation.\" >&2\n    exit 1\nfi\n# This output is used by Xcode 'outputs' to avoid re-running this script phase.\necho \"SUCCESS\" > \"${SCRIPT_OUTPUT_FILE_0}\"\n";
			showEnvVarsInLog = 0;
		};
/* End PBXShellScriptBuildPhase section */

/* Begin PBXSourcesBuildPhase section */
		3866BDEA2673283C001BF4DD /* Sources */ = {
			isa = PBXSourcesBuildPhase;
			buildActionMask = 2147483647;
			files = (
				3888AE83267705CF00888390 /* TestView.swift in Sources */,
				3871E09D26862E5D003A6B0E /* LaunchView.swift in Sources */,
				38FB2A512677278000FF6C46 /* TestResultView.swift in Sources */,
				3866BDF42673283C001BF4DD /* HomeView.swift in Sources */,
				3866BE16267372DD001BF4DD /* HomeViewRow.swift in Sources */,
				3866BE1926737A6A001BF4DD /* ContentView.swift in Sources */,
				388797862686DE9E0060FEF4 /* UserService.swift in Sources */,
				38934FB6267519070060A364 /* ContentDetailView.swift in Sources */,
				3866BDF22673283C001BF4DD /* LearningApp.swift in Sources */,
				3871E09B26862E53003A6B0E /* ProfileView.swift in Sources */,
				3866BE1C26737EED001BF4DD /* ContentViewRow.swift in Sources */,
				387DFC7F26889BEE008184F4 /* ResumeView.swift in Sources */,
				3871E09826862E28003A6B0E /* LoginView.swift in Sources */,
				3848D7362676297500CB407D /* CodeTextView.swift in Sources */,
				3866BE0A26732935001BF4DD /* ContentModel.swift in Sources */,
				3866BE1226734064001BF4DD /* Models.swift in Sources */,
				3848D7782676448800CB407D /* RectangleCard.swift in Sources */,
				38934FBC26751BD80060A364 /* Constants.swift in Sources */,
			);
			runOnlyForDeploymentPostprocessing = 0;
		};
/* End PBXSourcesBuildPhase section */

/* Begin XCBuildConfiguration section */
		3866BDFB2673283D001BF4DD /* Debug */ = {
			isa = XCBuildConfiguration;
			buildSettings = {
				ALWAYS_SEARCH_USER_PATHS = NO;
				CLANG_ANALYZER_NONNULL = YES;
				CLANG_ANALYZER_NUMBER_OBJECT_CONVERSION = YES_AGGRESSIVE;
				CLANG_CXX_LANGUAGE_STANDARD = "gnu++14";
				CLANG_CXX_LIBRARY = "libc++";
				CLANG_ENABLE_MODULES = YES;
				CLANG_ENABLE_OBJC_ARC = YES;
				CLANG_ENABLE_OBJC_WEAK = YES;
				CLANG_WARN_BLOCK_CAPTURE_AUTORELEASING = YES;
				CLANG_WARN_BOOL_CONVERSION = YES;
				CLANG_WARN_COMMA = YES;
				CLANG_WARN_CONSTANT_CONVERSION = YES;
				CLANG_WARN_DEPRECATED_OBJC_IMPLEMENTATIONS = YES;
				CLANG_WARN_DIRECT_OBJC_ISA_USAGE = YES_ERROR;
				CLANG_WARN_DOCUMENTATION_COMMENTS = YES;
				CLANG_WARN_EMPTY_BODY = YES;
				CLANG_WARN_ENUM_CONVERSION = YES;
				CLANG_WARN_INFINITE_RECURSION = YES;
				CLANG_WARN_INT_CONVERSION = YES;
				CLANG_WARN_NON_LITERAL_NULL_CONVERSION = YES;
				CLANG_WARN_OBJC_IMPLICIT_RETAIN_SELF = YES;
				CLANG_WARN_OBJC_LITERAL_CONVERSION = YES;
				CLANG_WARN_OBJC_ROOT_CLASS = YES_ERROR;
				CLANG_WARN_QUOTED_INCLUDE_IN_FRAMEWORK_HEADER = YES;
				CLANG_WARN_RANGE_LOOP_ANALYSIS = YES;
				CLANG_WARN_STRICT_PROTOTYPES = YES;
				CLANG_WARN_SUSPICIOUS_MOVE = YES;
				CLANG_WARN_UNGUARDED_AVAILABILITY = YES_AGGRESSIVE;
				CLANG_WARN_UNREACHABLE_CODE = YES;
				CLANG_WARN__DUPLICATE_METHOD_MATCH = YES;
				COPY_PHASE_STRIP = NO;
				DEBUG_INFORMATION_FORMAT = dwarf;
				ENABLE_STRICT_OBJC_MSGSEND = YES;
				ENABLE_TESTABILITY = YES;
				GCC_C_LANGUAGE_STANDARD = gnu11;
				GCC_DYNAMIC_NO_PIC = NO;
				GCC_NO_COMMON_BLOCKS = YES;
				GCC_OPTIMIZATION_LEVEL = 0;
				GCC_PREPROCESSOR_DEFINITIONS = (
					"DEBUG=1",
					"$(inherited)",
				);
				GCC_WARN_64_TO_32_BIT_CONVERSION = YES;
				GCC_WARN_ABOUT_RETURN_TYPE = YES_ERROR;
				GCC_WARN_UNDECLARED_SELECTOR = YES;
				GCC_WARN_UNINITIALIZED_AUTOS = YES_AGGRESSIVE;
				GCC_WARN_UNUSED_FUNCTION = YES;
				GCC_WARN_UNUSED_VARIABLE = YES;
				IPHONEOS_DEPLOYMENT_TARGET = 14.4;
				MTL_ENABLE_DEBUG_INFO = INCLUDE_SOURCE;
				MTL_FAST_MATH = YES;
				ONLY_ACTIVE_ARCH = YES;
				SDKROOT = iphoneos;
				SWIFT_ACTIVE_COMPILATION_CONDITIONS = DEBUG;
				SWIFT_OPTIMIZATION_LEVEL = "-Onone";
			};
			name = Debug;
		};
		3866BDFC2673283D001BF4DD /* Release */ = {
			isa = XCBuildConfiguration;
			buildSettings = {
				ALWAYS_SEARCH_USER_PATHS = NO;
				CLANG_ANALYZER_NONNULL = YES;
				CLANG_ANALYZER_NUMBER_OBJECT_CONVERSION = YES_AGGRESSIVE;
				CLANG_CXX_LANGUAGE_STANDARD = "gnu++14";
				CLANG_CXX_LIBRARY = "libc++";
				CLANG_ENABLE_MODULES = YES;
				CLANG_ENABLE_OBJC_ARC = YES;
				CLANG_ENABLE_OBJC_WEAK = YES;
				CLANG_WARN_BLOCK_CAPTURE_AUTORELEASING = YES;
				CLANG_WARN_BOOL_CONVERSION = YES;
				CLANG_WARN_COMMA = YES;
				CLANG_WARN_CONSTANT_CONVERSION = YES;
				CLANG_WARN_DEPRECATED_OBJC_IMPLEMENTATIONS = YES;
				CLANG_WARN_DIRECT_OBJC_ISA_USAGE = YES_ERROR;
				CLANG_WARN_DOCUMENTATION_COMMENTS = YES;
				CLANG_WARN_EMPTY_BODY = YES;
				CLANG_WARN_ENUM_CONVERSION = YES;
				CLANG_WARN_INFINITE_RECURSION = YES;
				CLANG_WARN_INT_CONVERSION = YES;
				CLANG_WARN_NON_LITERAL_NULL_CONVERSION = YES;
				CLANG_WARN_OBJC_IMPLICIT_RETAIN_SELF = YES;
				CLANG_WARN_OBJC_LITERAL_CONVERSION = YES;
				CLANG_WARN_OBJC_ROOT_CLASS = YES_ERROR;
				CLANG_WARN_QUOTED_INCLUDE_IN_FRAMEWORK_HEADER = YES;
				CLANG_WARN_RANGE_LOOP_ANALYSIS = YES;
				CLANG_WARN_STRICT_PROTOTYPES = YES;
				CLANG_WARN_SUSPICIOUS_MOVE = YES;
				CLANG_WARN_UNGUARDED_AVAILABILITY = YES_AGGRESSIVE;
				CLANG_WARN_UNREACHABLE_CODE = YES;
				CLANG_WARN__DUPLICATE_METHOD_MATCH = YES;
				COPY_PHASE_STRIP = NO;
				DEBUG_INFORMATION_FORMAT = "dwarf-with-dsym";
				ENABLE_NS_ASSERTIONS = NO;
				ENABLE_STRICT_OBJC_MSGSEND = YES;
				GCC_C_LANGUAGE_STANDARD = gnu11;
				GCC_NO_COMMON_BLOCKS = YES;
				GCC_WARN_64_TO_32_BIT_CONVERSION = YES;
				GCC_WARN_ABOUT_RETURN_TYPE = YES_ERROR;
				GCC_WARN_UNDECLARED_SELECTOR = YES;
				GCC_WARN_UNINITIALIZED_AUTOS = YES_AGGRESSIVE;
				GCC_WARN_UNUSED_FUNCTION = YES;
				GCC_WARN_UNUSED_VARIABLE = YES;
				IPHONEOS_DEPLOYMENT_TARGET = 14.4;
				MTL_ENABLE_DEBUG_INFO = NO;
				MTL_FAST_MATH = YES;
				SDKROOT = iphoneos;
				SWIFT_COMPILATION_MODE = wholemodule;
				SWIFT_OPTIMIZATION_LEVEL = "-O";
				VALIDATE_PRODUCT = YES;
			};
			name = Release;
		};
		3866BDFE2673283D001BF4DD /* Debug */ = {
			isa = XCBuildConfiguration;
			baseConfigurationReference = C05A1BF6C7DF85CB51CF050F /* Pods-LearningApp.debug.xcconfig */;
			buildSettings = {
				ASSETCATALOG_COMPILER_APPICON_NAME = AppIcon;
				ASSETCATALOG_COMPILER_GLOBAL_ACCENT_COLOR_NAME = AccentColor;
				CODE_SIGN_STYLE = Automatic;
				DEVELOPMENT_ASSET_PATHS = "\"LearningApp/Preview Content\"";
				DEVELOPMENT_TEAM = UM77RT2RUA;
				ENABLE_PREVIEWS = YES;
				INFOPLIST_FILE = LearningApp/Info.plist;
				IPHONEOS_DEPLOYMENT_TARGET = 14.0;
				LD_RUNPATH_SEARCH_PATHS = (
					"$(inherited)",
					"@executable_path/Frameworks",
				);
				PRODUCT_BUNDLE_IDENTIFIER = com.codewithAlish.LearningApp;
				PRODUCT_NAME = "$(TARGET_NAME)";
				SWIFT_VERSION = 5.0;
				TARGETED_DEVICE_FAMILY = "1,2";
			};
			name = Debug;
		};
		3866BDFF2673283D001BF4DD /* Release */ = {
			isa = XCBuildConfiguration;
			baseConfigurationReference = C985A1051B8194F2B49CDB05 /* Pods-LearningApp.release.xcconfig */;
			buildSettings = {
				ASSETCATALOG_COMPILER_APPICON_NAME = AppIcon;
				ASSETCATALOG_COMPILER_GLOBAL_ACCENT_COLOR_NAME = AccentColor;
				CODE_SIGN_STYLE = Automatic;
				DEVELOPMENT_ASSET_PATHS = "\"LearningApp/Preview Content\"";
				DEVELOPMENT_TEAM = UM77RT2RUA;
				ENABLE_PREVIEWS = YES;
				INFOPLIST_FILE = LearningApp/Info.plist;
				IPHONEOS_DEPLOYMENT_TARGET = 14.0;
				LD_RUNPATH_SEARCH_PATHS = (
					"$(inherited)",
					"@executable_path/Frameworks",
				);
				PRODUCT_BUNDLE_IDENTIFIER = com.codewithAlish.LearningApp;
				PRODUCT_NAME = "$(TARGET_NAME)";
				SWIFT_VERSION = 5.0;
				TARGETED_DEVICE_FAMILY = "1,2";
			};
			name = Release;
		};
/* End XCBuildConfiguration section */

/* Begin XCConfigurationList section */
		3866BDE92673283C001BF4DD /* Build configuration list for PBXProject "LearningApp" */ = {
			isa = XCConfigurationList;
			buildConfigurations = (
				3866BDFB2673283D001BF4DD /* Debug */,
				3866BDFC2673283D001BF4DD /* Release */,
			);
			defaultConfigurationIsVisible = 0;
			defaultConfigurationName = Release;
		};
		3866BDFD2673283D001BF4DD /* Build configuration list for PBXNativeTarget "LearningApp" */ = {
			isa = XCConfigurationList;
			buildConfigurations = (
				3866BDFE2673283D001BF4DD /* Debug */,
				3866BDFF2673283D001BF4DD /* Release */,
			);
			defaultConfigurationIsVisible = 0;
			defaultConfigurationName = Release;
		};
/* End XCConfigurationList section */
	};
	rootObject = 3866BDE62673283C001BF4DD /* Project object */;
}
